// !$*UTF8*$!
{
	archiveVersion = 1;
	classes = {
	};
	objectVersion = 46;
	objects = {

/* Begin PBXBuildFile section */
		FB3885F719A26C9A00DCE82E /* LandingPageiPadViewController.m in Sources */ = {isa = PBXBuildFile; fileRef = FB3885F619A26C9A00DCE82E /* LandingPageiPadViewController.m */; };
		FB3885FE19A2B68200DCE82E /* big-old-background.png in Resources */ = {isa = PBXBuildFile; fileRef = FB3885FD19A2B68200DCE82E /* big-old-background.png */; };
		FB38860219A2C06700DCE82E /* big-old-background-ipad .png in Resources */ = {isa = PBXBuildFile; fileRef = FB38860119A2C06700DCE82E /* big-old-background-ipad .png */; };
		FBAAEB1119A7C66C00107537 /* background-ipad.png in Resources */ = {isa = PBXBuildFile; fileRef = FBAAEB1019A7C66C00107537 /* background-ipad.png */; };
		FBCAB404199CF5DE000D6DA5 /* Foundation.framework in Frameworks */ = {isa = PBXBuildFile; fileRef = FBCAB403199CF5DE000D6DA5 /* Foundation.framework */; };
		FBCAB406199CF5DE000D6DA5 /* CoreGraphics.framework in Frameworks */ = {isa = PBXBuildFile; fileRef = FBCAB405199CF5DE000D6DA5 /* CoreGraphics.framework */; };
		FBCAB408199CF5DE000D6DA5 /* UIKit.framework in Frameworks */ = {isa = PBXBuildFile; fileRef = FBCAB407199CF5DE000D6DA5 /* UIKit.framework */; };
		FBCAB40E199CF5DE000D6DA5 /* InfoPlist.strings in Resources */ = {isa = PBXBuildFile; fileRef = FBCAB40C199CF5DE000D6DA5 /* InfoPlist.strings */; };
		FBCAB410199CF5DE000D6DA5 /* main.m in Sources */ = {isa = PBXBuildFile; fileRef = FBCAB40F199CF5DE000D6DA5 /* main.m */; };
		FBCAB414199CF5DE000D6DA5 /* AppDelegate.m in Sources */ = {isa = PBXBuildFile; fileRef = FBCAB413199CF5DE000D6DA5 /* AppDelegate.m */; };
		FBCAB416199CF5DE000D6DA5 /* Images.xcassets in Resources */ = {isa = PBXBuildFile; fileRef = FBCAB415199CF5DE000D6DA5 /* Images.xcassets */; };
		FBCAB41D199CF5DE000D6DA5 /* XCTest.framework in Frameworks */ = {isa = PBXBuildFile; fileRef = FBCAB41C199CF5DE000D6DA5 /* XCTest.framework */; };
		FBCAB41E199CF5DE000D6DA5 /* Foundation.framework in Frameworks */ = {isa = PBXBuildFile; fileRef = FBCAB403199CF5DE000D6DA5 /* Foundation.framework */; };
		FBCAB41F199CF5DE000D6DA5 /* UIKit.framework in Frameworks */ = {isa = PBXBuildFile; fileRef = FBCAB407199CF5DE000D6DA5 /* UIKit.framework */; };
		FBCAB427199CF5DE000D6DA5 /* InfoPlist.strings in Resources */ = {isa = PBXBuildFile; fileRef = FBCAB425199CF5DE000D6DA5 /* InfoPlist.strings */; };
		FBCAB429199CF5DE000D6DA5 /* StrataApplicationTests.m in Sources */ = {isa = PBXBuildFile; fileRef = FBCAB428199CF5DE000D6DA5 /* StrataApplicationTests.m */; };
		FBCAB433199CF6B2000D6DA5 /* MessageUI.framework in Frameworks */ = {isa = PBXBuildFile; fileRef = FBCAB432199CF6B2000D6DA5 /* MessageUI.framework */; };
		FBCAB435199CF6BA000D6DA5 /* Social.framework in Frameworks */ = {isa = PBXBuildFile; fileRef = FBCAB434199CF6BA000D6DA5 /* Social.framework */; };
		FBCAB437199CF6C1000D6DA5 /* MediaAccessibility.framework in Frameworks */ = {isa = PBXBuildFile; fileRef = FBCAB436199CF6C1000D6DA5 /* MediaAccessibility.framework */; };
		FBCAB439199CF6F0000D6DA5 /* IPhoneStoryboard.storyboard in Resources */ = {isa = PBXBuildFile; fileRef = FBCAB438199CF6F0000D6DA5 /* IPhoneStoryboard.storyboard */; };
		FBCAB43B199CF70F000D6DA5 /* IPadStoryboard.storyboard in Resources */ = {isa = PBXBuildFile; fileRef = FBCAB43A199CF70F000D6DA5 /* IPadStoryboard.storyboard */; };
		FBCAB440199CFB2F000D6DA5 /* Encoder.m in Sources */ = {isa = PBXBuildFile; fileRef = FBCAB43D199CFB2F000D6DA5 /* Encoder.m */; };
		FBCAB451199D26A3000D6DA5 /* Decoder.m in Sources */ = {isa = PBXBuildFile; fileRef = FBCAB450199D26A3000D6DA5 /* Decoder.m */; };
		FBCAB454199D2D73000D6DA5 /* LandingPageViewController.m in Sources */ = {isa = PBXBuildFile; fileRef = FBCAB453199D2D73000D6DA5 /* LandingPageViewController.m */; };
		FBCAB458199E71F5000D6DA5 /* BebasNeue.otf in Resources */ = {isa = PBXBuildFile; fileRef = FBCAB457199E71F5000D6DA5 /* BebasNeue.otf */; };
		FBCAB46B199E9A61000D6DA5 /* arrow-down.png in Resources */ = {isa = PBXBuildFile; fileRef = FBCAB45B199E9A61000D6DA5 /* arrow-down.png */; };
		FBCAB46C199E9A61000D6DA5 /* arrow-up.png in Resources */ = {isa = PBXBuildFile; fileRef = FBCAB45C199E9A61000D6DA5 /* arrow-up.png */; };
		FBCAB46D199E9A61000D6DA5 /* break-button-off.png in Resources */ = {isa = PBXBuildFile; fileRef = FBCAB45D199E9A61000D6DA5 /* break-button-off.png */; };
		FBCAB46E199E9A61000D6DA5 /* break-button-on.png in Resources */ = {isa = PBXBuildFile; fileRef = FBCAB45E199E9A61000D6DA5 /* break-button-on.png */; };
		FBCAB46F199E9A61000D6DA5 /* break-halo.png in Resources */ = {isa = PBXBuildFile; fileRef = FBCAB45F199E9A61000D6DA5 /* break-halo.png */; };
		FBCAB470199E9A61000D6DA5 /* break-no-halo.png in Resources */ = {isa = PBXBuildFile; fileRef = FBCAB460199E9A61000D6DA5 /* break-no-halo.png */; };
		FBCAB472199E9A61000D6DA5 /* break-text-output-view.png in Resources */ = {isa = PBXBuildFile; fileRef = FBCAB462199E9A61000D6DA5 /* break-text-output-view.png */; };
		FBCAB474199E9A61000D6DA5 /* make-button-off.png in Resources */ = {isa = PBXBuildFile; fileRef = FBCAB464199E9A61000D6DA5 /* make-button-off.png */; };
		FBCAB475199E9A61000D6DA5 /* make-button-on.png in Resources */ = {isa = PBXBuildFile; fileRef = FBCAB465199E9A61000D6DA5 /* make-button-on.png */; };
		FBCAB476199E9A61000D6DA5 /* make-halo.png in Resources */ = {isa = PBXBuildFile; fileRef = FBCAB466199E9A61000D6DA5 /* make-halo.png */; };
		FBCAB477199E9A61000D6DA5 /* make-no-halo.png in Resources */ = {isa = PBXBuildFile; fileRef = FBCAB467199E9A61000D6DA5 /* make-no-halo.png */; };
		FBCAB478199E9A61000D6DA5 /* make-text-input-view.png in Resources */ = {isa = PBXBuildFile; fileRef = FBCAB468199E9A61000D6DA5 /* make-text-input-view.png */; };
		FBCAB479199E9A61000D6DA5 /* photo-view.png in Resources */ = {isa = PBXBuildFile; fileRef = FBCAB469199E9A61000D6DA5 /* photo-view.png */; };
		FBCAB47A199E9A61000D6DA5 /* strata-main-menu.png in Resources */ = {isa = PBXBuildFile; fileRef = FBCAB46A199E9A61000D6DA5 /* strata-main-menu.png */; };
		FBDB8EA319A4FC03009C87AC /* flip-button.png in Resources */ = {isa = PBXBuildFile; fileRef = FBDB8EA219A4FC03009C87AC /* flip-button.png */; };
		FBDB8EA519A57463009C87AC /* AppIcon72x72.png in Resources */ = {isa = PBXBuildFile; fileRef = FBDB8EA419A57462009C87AC /* AppIcon72x72.png */; };
/* End PBXBuildFile section */

/* Begin PBXContainerItemProxy section */
		FBCAB420199CF5DE000D6DA5 /* PBXContainerItemProxy */ = {
			isa = PBXContainerItemProxy;
			containerPortal = FBCAB3F8199CF5DE000D6DA5 /* Project object */;
			proxyType = 1;
			remoteGlobalIDString = FBCAB3FF199CF5DE000D6DA5;
			remoteInfo = StrataApplication;
		};
/* End PBXContainerItemProxy section */

/* Begin PBXFileReference section */
		FB3885F519A26C9A00DCE82E /* LandingPageiPadViewController.h */ = {isa = PBXFileReference; fileEncoding = 4; lastKnownFileType = sourcecode.c.h; path = LandingPageiPadViewController.h; sourceTree = "<group>"; };
		FB3885F619A26C9A00DCE82E /* LandingPageiPadViewController.m */ = {isa = PBXFileReference; fileEncoding = 4; lastKnownFileType = sourcecode.c.objc; path = LandingPageiPadViewController.m; sourceTree = "<group>"; };
		FB3885FD19A2B68200DCE82E /* big-old-background.png */ = {isa = PBXFileReference; lastKnownFileType = image.png; name = "big-old-background.png"; path = "../../../../.Trash/big-old-background.png"; sourceTree = "<group>"; };
		FB38860119A2C06700DCE82E /* big-old-background-ipad .png */ = {isa = PBXFileReference; lastKnownFileType = image.png; name = "big-old-background-ipad .png"; path = "../../../big-old-background-ipad .png"; sourceTree = "<group>"; };
		FBAAEB1019A7C66C00107537 /* background-ipad.png */ = {isa = PBXFileReference; lastKnownFileType = image.png; name = "background-ipad.png"; path = "../../../background-ipad.png"; sourceTree = "<group>"; };
		FBCAB400199CF5DE000D6DA5 /* StrataApplication.app */ = {isa = PBXFileReference; explicitFileType = wrapper.application; includeInIndex = 0; path = StrataApplication.app; sourceTree = BUILT_PRODUCTS_DIR; };
		FBCAB403199CF5DE000D6DA5 /* Foundation.framework */ = {isa = PBXFileReference; lastKnownFileType = wrapper.framework; name = Foundation.framework; path = System/Library/Frameworks/Foundation.framework; sourceTree = SDKROOT; };
		FBCAB405199CF5DE000D6DA5 /* CoreGraphics.framework */ = {isa = PBXFileReference; lastKnownFileType = wrapper.framework; name = CoreGraphics.framework; path = System/Library/Frameworks/CoreGraphics.framework; sourceTree = SDKROOT; };
		FBCAB407199CF5DE000D6DA5 /* UIKit.framework */ = {isa = PBXFileReference; lastKnownFileType = wrapper.framework; name = UIKit.framework; path = System/Library/Frameworks/UIKit.framework; sourceTree = SDKROOT; };
		FBCAB40B199CF5DE000D6DA5 /* StrataApplication-Info.plist */ = {isa = PBXFileReference; lastKnownFileType = text.plist.xml; path = "StrataApplication-Info.plist"; sourceTree = "<group>"; };
		FBCAB40D199CF5DE000D6DA5 /* en */ = {isa = PBXFileReference; lastKnownFileType = text.plist.strings; name = en; path = en.lproj/InfoPlist.strings; sourceTree = "<group>"; };
		FBCAB40F199CF5DE000D6DA5 /* main.m */ = {isa = PBXFileReference; lastKnownFileType = sourcecode.c.objc; path = main.m; sourceTree = "<group>"; };
		FBCAB411199CF5DE000D6DA5 /* StrataApplication-Prefix.pch */ = {isa = PBXFileReference; lastKnownFileType = sourcecode.c.h; path = "StrataApplication-Prefix.pch"; sourceTree = "<group>"; };
		FBCAB412199CF5DE000D6DA5 /* AppDelegate.h */ = {isa = PBXFileReference; lastKnownFileType = sourcecode.c.h; path = AppDelegate.h; sourceTree = "<group>"; };
		FBCAB413199CF5DE000D6DA5 /* AppDelegate.m */ = {isa = PBXFileReference; lastKnownFileType = sourcecode.c.objc; path = AppDelegate.m; sourceTree = "<group>"; };
		FBCAB415199CF5DE000D6DA5 /* Images.xcassets */ = {isa = PBXFileReference; lastKnownFileType = folder.assetcatalog; path = Images.xcassets; sourceTree = "<group>"; };
		FBCAB41B199CF5DE000D6DA5 /* StrataApplicationTests.xctest */ = {isa = PBXFileReference; explicitFileType = wrapper.cfbundle; includeInIndex = 0; path = StrataApplicationTests.xctest; sourceTree = BUILT_PRODUCTS_DIR; };
		FBCAB41C199CF5DE000D6DA5 /* XCTest.framework */ = {isa = PBXFileReference; lastKnownFileType = wrapper.framework; name = XCTest.framework; path = Library/Frameworks/XCTest.framework; sourceTree = DEVELOPER_DIR; };
		FBCAB424199CF5DE000D6DA5 /* StrataApplicationTests-Info.plist */ = {isa = PBXFileReference; lastKnownFileType = text.plist.xml; path = "StrataApplicationTests-Info.plist"; sourceTree = "<group>"; };
		FBCAB426199CF5DE000D6DA5 /* en */ = {isa = PBXFileReference; lastKnownFileType = text.plist.strings; name = en; path = en.lproj/InfoPlist.strings; sourceTree = "<group>"; };
		FBCAB428199CF5DE000D6DA5 /* StrataApplicationTests.m */ = {isa = PBXFileReference; lastKnownFileType = sourcecode.c.objc; path = StrataApplicationTests.m; sourceTree = "<group>"; };
		FBCAB432199CF6B2000D6DA5 /* MessageUI.framework */ = {isa = PBXFileReference; lastKnownFileType = wrapper.framework; name = MessageUI.framework; path = System/Library/Frameworks/MessageUI.framework; sourceTree = SDKROOT; };
		FBCAB434199CF6BA000D6DA5 /* Social.framework */ = {isa = PBXFileReference; lastKnownFileType = wrapper.framework; name = Social.framework; path = System/Library/Frameworks/Social.framework; sourceTree = SDKROOT; };
		FBCAB436199CF6C1000D6DA5 /* MediaAccessibility.framework */ = {isa = PBXFileReference; lastKnownFileType = wrapper.framework; name = MediaAccessibility.framework; path = System/Library/Frameworks/MediaAccessibility.framework; sourceTree = SDKROOT; };
		FBCAB438199CF6F0000D6DA5 /* IPhoneStoryboard.storyboard */ = {isa = PBXFileReference; fileEncoding = 4; lastKnownFileType = file.storyboard; path = IPhoneStoryboard.storyboard; sourceTree = "<group>"; };
		FBCAB43A199CF70F000D6DA5 /* IPadStoryboard.storyboard */ = {isa = PBXFileReference; fileEncoding = 4; lastKnownFileType = file.storyboard; path = IPadStoryboard.storyboard; sourceTree = "<group>"; };
		FBCAB43C199CFB2F000D6DA5 /* Encoder.h */ = {isa = PBXFileReference; fileEncoding = 4; lastKnownFileType = sourcecode.c.h; name = Encoder.h; path = ../../../SteganographyRevisions/SteganographyTestEncode/SteganographyTestEncode/Encoder.h; sourceTree = "<group>"; };
		FBCAB43D199CFB2F000D6DA5 /* Encoder.m */ = {isa = PBXFileReference; fileEncoding = 4; lastKnownFileType = sourcecode.c.objc; name = Encoder.m; path = ../../../SteganographyRevisions/SteganographyTestEncode/SteganographyTestEncode/Encoder.m; sourceTree = "<group>"; };
		FBCAB44F199D26A3000D6DA5 /* Decoder.h */ = {isa = PBXFileReference; fileEncoding = 4; lastKnownFileType = sourcecode.c.h; name = Decoder.h; path = ../../../SteganographyRevisions/SteganographyTestDecode/SteganographyTestDecode/Decoder.h; sourceTree = "<group>"; };
		FBCAB450199D26A3000D6DA5 /* Decoder.m */ = {isa = PBXFileReference; fileEncoding = 4; lastKnownFileType = sourcecode.c.objc; name = Decoder.m; path = ../../../SteganographyRevisions/SteganographyTestDecode/SteganographyTestDecode/Decoder.m; sourceTree = "<group>"; };
		FBCAB452199D2D73000D6DA5 /* LandingPageViewController.h */ = {isa = PBXFileReference; fileEncoding = 4; lastKnownFileType = sourcecode.c.h; path = LandingPageViewController.h; sourceTree = "<group>"; };
		FBCAB453199D2D73000D6DA5 /* LandingPageViewController.m */ = {isa = PBXFileReference; fileEncoding = 4; lastKnownFileType = sourcecode.c.objc; path = LandingPageViewController.m; sourceTree = "<group>"; };
		FBCAB457199E71F5000D6DA5 /* BebasNeue.otf */ = {isa = PBXFileReference; lastKnownFileType = file; name = BebasNeue.otf; path = ../../../../Downloads/BebasNeue.otf; sourceTree = "<group>"; };
		FBCAB459199E7368000D6DA5 /* HelveticaNeue.dfont */ = {isa = PBXFileReference; lastKnownFileType = file; name = HelveticaNeue.dfont; path = ../../../../../../System/Library/Fonts/HelveticaNeue.dfont; sourceTree = "<group>"; };
		FBCAB45A199E93BF000D6DA5 /* Bauhaus 93.dfont */ = {isa = PBXFileReference; lastKnownFileType = file; name = "Bauhaus 93.dfont"; path = "../../../Bauhaus 93.dfont"; sourceTree = "<group>"; };
		FBCAB45B199E9A61000D6DA5 /* arrow-down.png */ = {isa = PBXFileReference; lastKnownFileType = image.png; name = "arrow-down.png"; path = "../../../../Downloads/UI Elements/arrow-down.png"; sourceTree = "<group>"; };
		FBCAB45C199E9A61000D6DA5 /* arrow-up.png */ = {isa = PBXFileReference; lastKnownFileType = image.png; name = "arrow-up.png"; path = "../../../../Downloads/UI Elements/arrow-up.png"; sourceTree = "<group>"; };
		FBCAB45D199E9A61000D6DA5 /* break-button-off.png */ = {isa = PBXFileReference; lastKnownFileType = image.png; name = "break-button-off.png"; path = "../../../../Downloads/UI Elements/break-button-off.png"; sourceTree = "<group>"; };
		FBCAB45E199E9A61000D6DA5 /* break-button-on.png */ = {isa = PBXFileReference; lastKnownFileType = image.png; name = "break-button-on.png"; path = "../../../../Downloads/UI Elements/break-button-on.png"; sourceTree = "<group>"; };
		FBCAB45F199E9A61000D6DA5 /* break-halo.png */ = {isa = PBXFileReference; lastKnownFileType = image.png; name = "break-halo.png"; path = "../../../../Downloads/UI Elements/break-halo.png"; sourceTree = "<group>"; };
		FBCAB460199E9A61000D6DA5 /* break-no-halo.png */ = {isa = PBXFileReference; lastKnownFileType = image.png; name = "break-no-halo.png"; path = "../../../../Downloads/UI Elements/break-no-halo.png"; sourceTree = "<group>"; };
		FBCAB462199E9A61000D6DA5 /* break-text-output-view.png */ = {isa = PBXFileReference; lastKnownFileType = image.png; name = "break-text-output-view.png"; path = "../../../../Downloads/UI Elements/break-text-output-view.png"; sourceTree = "<group>"; };
		FBCAB464199E9A61000D6DA5 /* make-button-off.png */ = {isa = PBXFileReference; lastKnownFileType = image.png; name = "make-button-off.png"; path = "../../../../Downloads/UI Elements/make-button-off.png"; sourceTree = "<group>"; };
		FBCAB465199E9A61000D6DA5 /* make-button-on.png */ = {isa = PBXFileReference; lastKnownFileType = image.png; name = "make-button-on.png"; path = "../../../../Downloads/UI Elements/make-button-on.png"; sourceTree = "<group>"; };
		FBCAB466199E9A61000D6DA5 /* make-halo.png */ = {isa = PBXFileReference; lastKnownFileType = image.png; name = "make-halo.png"; path = "../../../../Downloads/UI Elements/make-halo.png"; sourceTree = "<group>"; };
		FBCAB467199E9A61000D6DA5 /* make-no-halo.png */ = {isa = PBXFileReference; lastKnownFileType = image.png; name = "make-no-halo.png"; path = "../../../../Downloads/UI Elements/make-no-halo.png"; sourceTree = "<group>"; };
		FBCAB468199E9A61000D6DA5 /* make-text-input-view.png */ = {isa = PBXFileReference; lastKnownFileType = image.png; name = "make-text-input-view.png"; path = "../../../../Downloads/UI Elements/make-text-input-view.png"; sourceTree = "<group>"; };
		FBCAB469199E9A61000D6DA5 /* photo-view.png */ = {isa = PBXFileReference; lastKnownFileType = image.png; name = "photo-view.png"; path = "../../../../Downloads/UI Elements/photo-view.png"; sourceTree = "<group>"; };
		FBCAB46A199E9A61000D6DA5 /* strata-main-menu.png */ = {isa = PBXFileReference; lastKnownFileType = image.png; name = "strata-main-menu.png"; path = "../../../../Downloads/UI Elements/strata-main-menu.png"; sourceTree = "<group>"; };
		FBDB8EA219A4FC03009C87AC /* flip-button.png */ = {isa = PBXFileReference; lastKnownFileType = image.png; name = "flip-button.png"; path = "../../../../Downloads/flip-button.png"; sourceTree = "<group>"; };
		FBDB8EA419A57462009C87AC /* AppIcon72x72.png */ = {isa = PBXFileReference; lastKnownFileType = image.png; name = AppIcon72x72.png; path = "../../../../Downloads/Current Graphics/AppIcon72x72.png"; sourceTree = "<group>"; };
/* End PBXFileReference section */

/* Begin PBXFrameworksBuildPhase section */
		FBCAB3FD199CF5DE000D6DA5 /* Frameworks */ = {
			isa = PBXFrameworksBuildPhase;
			buildActionMask = 2147483647;
			files = (
				FBCAB437199CF6C1000D6DA5 /* MediaAccessibility.framework in Frameworks */,
				FBCAB435199CF6BA000D6DA5 /* Social.framework in Frameworks */,
				FBCAB433199CF6B2000D6DA5 /* MessageUI.framework in Frameworks */,
				FBCAB406199CF5DE000D6DA5 /* CoreGraphics.framework in Frameworks */,
				FBCAB408199CF5DE000D6DA5 /* UIKit.framework in Frameworks */,
				FBCAB404199CF5DE000D6DA5 /* Foundation.framework in Frameworks */,
			);
			runOnlyForDeploymentPostprocessing = 0;
		};
		FBCAB418199CF5DE000D6DA5 /* Frameworks */ = {
			isa = PBXFrameworksBuildPhase;
			buildActionMask = 2147483647;
			files = (
				FBCAB41D199CF5DE000D6DA5 /* XCTest.framework in Frameworks */,
				FBCAB41F199CF5DE000D6DA5 /* UIKit.framework in Frameworks */,
				FBCAB41E199CF5DE000D6DA5 /* Foundation.framework in Frameworks */,
			);
			runOnlyForDeploymentPostprocessing = 0;
		};
/* End PBXFrameworksBuildPhase section */

/* Begin PBXGroup section */
		FBCAB3F7199CF5DE000D6DA5 = {
			isa = PBXGroup;
			children = (
				FBCAB409199CF5DE000D6DA5 /* StrataApplication */,
				FBCAB422199CF5DE000D6DA5 /* StrataApplicationTests */,
				FBCAB402199CF5DE000D6DA5 /* Frameworks */,
				FBCAB401199CF5DE000D6DA5 /* Products */,
			);
			sourceTree = "<group>";
		};
		FBCAB401199CF5DE000D6DA5 /* Products */ = {
			isa = PBXGroup;
			children = (
				FBCAB400199CF5DE000D6DA5 /* StrataApplication.app */,
				FBCAB41B199CF5DE000D6DA5 /* StrataApplicationTests.xctest */,
			);
			name = Products;
			sourceTree = "<group>";
		};
		FBCAB402199CF5DE000D6DA5 /* Frameworks */ = {
			isa = PBXGroup;
			children = (
				FBCAB436199CF6C1000D6DA5 /* MediaAccessibility.framework */,
				FBCAB434199CF6BA000D6DA5 /* Social.framework */,
				FBCAB432199CF6B2000D6DA5 /* MessageUI.framework */,
				FBCAB403199CF5DE000D6DA5 /* Foundation.framework */,
				FBCAB405199CF5DE000D6DA5 /* CoreGraphics.framework */,
				FBCAB407199CF5DE000D6DA5 /* UIKit.framework */,
				FBCAB41C199CF5DE000D6DA5 /* XCTest.framework */,
			);
			name = Frameworks;
			sourceTree = "<group>";
		};
		FBCAB409199CF5DE000D6DA5 /* StrataApplication */ = {
			isa = PBXGroup;
			children = (
				FBCAB45B199E9A61000D6DA5 /* arrow-down.png */,
				FBCAB45C199E9A61000D6DA5 /* arrow-up.png */,
				FB3885FD19A2B68200DCE82E /* big-old-background.png */,
				FBCAB45D199E9A61000D6DA5 /* break-button-off.png */,
				FBCAB45E199E9A61000D6DA5 /* break-button-on.png */,
				FBCAB45F199E9A61000D6DA5 /* break-halo.png */,
				FBAAEB1019A7C66C00107537 /* background-ipad.png */,
				FBCAB460199E9A61000D6DA5 /* break-no-halo.png */,
				FBCAB462199E9A61000D6DA5 /* break-text-output-view.png */,
				FBCAB464199E9A61000D6DA5 /* make-button-off.png */,
				FBCAB465199E9A61000D6DA5 /* make-button-on.png */,
				FB38860119A2C06700DCE82E /* big-old-background-ipad .png */,
				FBCAB467199E9A61000D6DA5 /* make-no-halo.png */,
				FBCAB466199E9A61000D6DA5 /* make-halo.png */,
				FBCAB468199E9A61000D6DA5 /* make-text-input-view.png */,
				FBCAB469199E9A61000D6DA5 /* photo-view.png */,
				FBCAB46A199E9A61000D6DA5 /* strata-main-menu.png */,
				FBDB8EA419A57462009C87AC /* AppIcon72x72.png */,
				FBCAB45A199E93BF000D6DA5 /* Bauhaus 93.dfont */,
				FBCAB459199E7368000D6DA5 /* HelveticaNeue.dfont */,
				FBCAB457199E71F5000D6DA5 /* BebasNeue.otf */,
				FBDB8EA219A4FC03009C87AC /* flip-button.png */,
				FBCAB445199CFB7E000D6DA5 /* Classes */,
				FBCAB443199CFB53000D6DA5 /* View Controllers */,
				FBCAB444199CFB75000D6DA5 /* App Delegates */,
				FBCAB415199CF5DE000D6DA5 /* Images.xcassets */,
				FBCAB446199CFB87000D6DA5 /* Interfaces */,
				FBCAB40A199CF5DE000D6DA5 /* Supporting Files */,
			);
			path = StrataApplication;
			sourceTree = "<group>";
		};
		FBCAB40A199CF5DE000D6DA5 /* Supporting Files */ = {
			isa = PBXGroup;
			children = (
				FBCAB40B199CF5DE000D6DA5 /* StrataApplication-Info.plist */,
				FBCAB40C199CF5DE000D6DA5 /* InfoPlist.strings */,
				FBCAB40F199CF5DE000D6DA5 /* main.m */,
				FBCAB411199CF5DE000D6DA5 /* StrataApplication-Prefix.pch */,
			);
			name = "Supporting Files";
			sourceTree = "<group>";
		};
		FBCAB422199CF5DE000D6DA5 /* StrataApplicationTests */ = {
			isa = PBXGroup;
			children = (
				FBCAB428199CF5DE000D6DA5 /* StrataApplicationTests.m */,
				FBCAB423199CF5DE000D6DA5 /* Supporting Files */,
			);
			path = StrataApplicationTests;
			sourceTree = "<group>";
		};
		FBCAB423199CF5DE000D6DA5 /* Supporting Files */ = {
			isa = PBXGroup;
			children = (
				FBCAB424199CF5DE000D6DA5 /* StrataApplicationTests-Info.plist */,
				FBCAB425199CF5DE000D6DA5 /* InfoPlist.strings */,
			);
			name = "Supporting Files";
			sourceTree = "<group>";
		};
		FBCAB443199CFB53000D6DA5 /* View Controllers */ = {
			isa = PBXGroup;
			children = (
				FBCAB452199D2D73000D6DA5 /* LandingPageViewController.h */,
				FBCAB453199D2D73000D6DA5 /* LandingPageViewController.m */,
				FB3885F519A26C9A00DCE82E /* LandingPageiPadViewController.h */,
				FB3885F619A26C9A00DCE82E /* LandingPageiPadViewController.m */,
			);
			name = "View Controllers";
			sourceTree = "<group>";
		};
		FBCAB444199CFB75000D6DA5 /* App Delegates */ = {
			isa = PBXGroup;
			children = (
				FBCAB412199CF5DE000D6DA5 /* AppDelegate.h */,
				FBCAB413199CF5DE000D6DA5 /* AppDelegate.m */,
			);
			name = "App Delegates";
			sourceTree = "<group>";
		};
		FBCAB445199CFB7E000D6DA5 /* Classes */ = {
			isa = PBXGroup;
			children = (
				FBCAB44F199D26A3000D6DA5 /* Decoder.h */,
				FBCAB450199D26A3000D6DA5 /* Decoder.m */,
				FBCAB43C199CFB2F000D6DA5 /* Encoder.h */,
				FBCAB43D199CFB2F000D6DA5 /* Encoder.m */,
			);
			name = Classes;
			sourceTree = "<group>";
		};
		FBCAB446199CFB87000D6DA5 /* Interfaces */ = {
			isa = PBXGroup;
			children = (
				FBCAB43A199CF70F000D6DA5 /* IPadStoryboard.storyboard */,
				FBCAB438199CF6F0000D6DA5 /* IPhoneStoryboard.storyboard */,
			);
			name = Interfaces;
			sourceTree = "<group>";
		};
/* End PBXGroup section */

/* Begin PBXNativeTarget section */
		FBCAB3FF199CF5DE000D6DA5 /* StrataApplication */ = {
			isa = PBXNativeTarget;
			buildConfigurationList = FBCAB42C199CF5DE000D6DA5 /* Build configuration list for PBXNativeTarget "StrataApplication" */;
			buildPhases = (
				FBCAB3FC199CF5DE000D6DA5 /* Sources */,
				FBCAB3FD199CF5DE000D6DA5 /* Frameworks */,
				FBCAB3FE199CF5DE000D6DA5 /* Resources */,
			);
			buildRules = (
			);
			dependencies = (
			);
			name = StrataApplication;
			productName = StrataApplication;
			productReference = FBCAB400199CF5DE000D6DA5 /* StrataApplication.app */;
			productType = "com.apple.product-type.application";
		};
		FBCAB41A199CF5DE000D6DA5 /* StrataApplicationTests */ = {
			isa = PBXNativeTarget;
			buildConfigurationList = FBCAB42F199CF5DE000D6DA5 /* Build configuration list for PBXNativeTarget "StrataApplicationTests" */;
			buildPhases = (
				FBCAB417199CF5DE000D6DA5 /* Sources */,
				FBCAB418199CF5DE000D6DA5 /* Frameworks */,
				FBCAB419199CF5DE000D6DA5 /* Resources */,
			);
			buildRules = (
			);
			dependencies = (
				FBCAB421199CF5DE000D6DA5 /* PBXTargetDependency */,
			);
			name = StrataApplicationTests;
			productName = StrataApplicationTests;
			productReference = FBCAB41B199CF5DE000D6DA5 /* StrataApplicationTests.xctest */;
			productType = "com.apple.product-type.bundle.unit-test";
		};
/* End PBXNativeTarget section */

/* Begin PBXProject section */
		FBCAB3F8199CF5DE000D6DA5 /* Project object */ = {
			isa = PBXProject;
			attributes = {
				LastUpgradeCheck = 0510;
				ORGANIZATIONNAME = StrataApp;
				TargetAttributes = {
					FBCAB3FF199CF5DE000D6DA5 = {
						DevelopmentTeam = 3TPR3R8W93;
					};
					FBCAB41A199CF5DE000D6DA5 = {
						TestTargetID = FBCAB3FF199CF5DE000D6DA5;
					};
				};
			};
			buildConfigurationList = FBCAB3FB199CF5DE000D6DA5 /* Build configuration list for PBXProject "StrataApplication" */;
			compatibilityVersion = "Xcode 3.2";
			developmentRegion = English;
			hasScannedForEncodings = 0;
			knownRegions = (
				en,
			);
			mainGroup = FBCAB3F7199CF5DE000D6DA5;
			productRefGroup = FBCAB401199CF5DE000D6DA5 /* Products */;
			projectDirPath = "";
			projectRoot = "";
			targets = (
				FBCAB3FF199CF5DE000D6DA5 /* StrataApplication */,
				FBCAB41A199CF5DE000D6DA5 /* StrataApplicationTests */,
			);
		};
/* End PBXProject section */

/* Begin PBXResourcesBuildPhase section */
		FBCAB3FE199CF5DE000D6DA5 /* Resources */ = {
			isa = PBXResourcesBuildPhase;
			buildActionMask = 2147483647;
			files = (
				FBCAB46C199E9A61000D6DA5 /* arrow-up.png in Resources */,
				FBAAEB1119A7C66C00107537 /* background-ipad.png in Resources */,
				FBCAB46F199E9A61000D6DA5 /* break-halo.png in Resources */,
				FBCAB47A199E9A61000D6DA5 /* strata-main-menu.png in Resources */,
				FBDB8EA519A57463009C87AC /* AppIcon72x72.png in Resources */,
				FBCAB40E199CF5DE000D6DA5 /* InfoPlist.strings in Resources */,
				FBCAB416199CF5DE000D6DA5 /* Images.xcassets in Resources */,
				FBCAB458199E71F5000D6DA5 /* BebasNeue.otf in Resources */,
				FBCAB475199E9A61000D6DA5 /* make-button-on.png in Resources */,
				FB38860219A2C06700DCE82E /* big-old-background-ipad .png in Resources */,
				FBCAB439199CF6F0000D6DA5 /* IPhoneStoryboard.storyboard in Resources */,
				FBCAB46D199E9A61000D6DA5 /* break-button-off.png in Resources */,
				FBCAB477199E9A61000D6DA5 /* make-no-halo.png in Resources */,
				FB3885FE19A2B68200DCE82E /* big-old-background.png in Resources */,
				FBDB8EA319A4FC03009C87AC /* flip-button.png in Resources */,
				FBCAB479199E9A61000D6DA5 /* photo-view.png in Resources */,
				FBCAB478199E9A61000D6DA5 /* make-text-input-view.png in Resources */,
				FBCAB46E199E9A61000D6DA5 /* break-button-on.png in Resources */,
				FBCAB470199E9A61000D6DA5 /* break-no-halo.png in Resources */,
				FBCAB474199E9A61000D6DA5 /* make-button-off.png in Resources */,
				FBCAB476199E9A61000D6DA5 /* make-halo.png in Resources */,
				FBCAB43B199CF70F000D6DA5 /* IPadStoryboard.storyboard in Resources */,
				FBCAB46B199E9A61000D6DA5 /* arrow-down.png in Resources */,
				FBCAB472199E9A61000D6DA5 /* break-text-output-view.png in Resources */,
			);
			runOnlyForDeploymentPostprocessing = 0;
		};
		FBCAB419199CF5DE000D6DA5 /* Resources */ = {
			isa = PBXResourcesBuildPhase;
			buildActionMask = 2147483647;
			files = (
				FBCAB427199CF5DE000D6DA5 /* InfoPlist.strings in Resources */,
			);
			runOnlyForDeploymentPostprocessing = 0;
		};
/* End PBXResourcesBuildPhase section */

/* Begin PBXSourcesBuildPhase section */
		FBCAB3FC199CF5DE000D6DA5 /* Sources */ = {
			isa = PBXSourcesBuildPhase;
			buildActionMask = 2147483647;
			files = (
				FBCAB454199D2D73000D6DA5 /* LandingPageViewController.m in Sources */,
				FB3885F719A26C9A00DCE82E /* LandingPageiPadViewController.m in Sources */,
				FBCAB440199CFB2F000D6DA5 /* Encoder.m in Sources */,
				FBCAB451199D26A3000D6DA5 /* Decoder.m in Sources */,
				FBCAB414199CF5DE000D6DA5 /* AppDelegate.m in Sources */,
				FBCAB410199CF5DE000D6DA5 /* main.m in Sources */,
			);
			runOnlyForDeploymentPostprocessing = 0;
		};
		FBCAB417199CF5DE000D6DA5 /* Sources */ = {
			isa = PBXSourcesBuildPhase;
			buildActionMask = 2147483647;
			files = (
				FBCAB429199CF5DE000D6DA5 /* StrataApplicationTests.m in Sources */,
			);
			runOnlyForDeploymentPostprocessing = 0;
		};
/* End PBXSourcesBuildPhase section */

/* Begin PBXTargetDependency section */
		FBCAB421199CF5DE000D6DA5 /* PBXTargetDependency */ = {
			isa = PBXTargetDependency;
			target = FBCAB3FF199CF5DE000D6DA5 /* StrataApplication */;
			targetProxy = FBCAB420199CF5DE000D6DA5 /* PBXContainerItemProxy */;
		};
/* End PBXTargetDependency section */

/* Begin PBXVariantGroup section */
		FBCAB40C199CF5DE000D6DA5 /* InfoPlist.strings */ = {
			isa = PBXVariantGroup;
			children = (
				FBCAB40D199CF5DE000D6DA5 /* en */,
			);
			name = InfoPlist.strings;
			sourceTree = "<group>";
		};
		FBCAB425199CF5DE000D6DA5 /* InfoPlist.strings */ = {
			isa = PBXVariantGroup;
			children = (
				FBCAB426199CF5DE000D6DA5 /* en */,
			);
			name = InfoPlist.strings;
			sourceTree = "<group>";
		};
/* End PBXVariantGroup section */

/* Begin XCBuildConfiguration section */
		FBCAB42A199CF5DE000D6DA5 /* Debug */ = {
			isa = XCBuildConfiguration;
			buildSettings = {
				ALWAYS_SEARCH_USER_PATHS = NO;
				CLANG_CXX_LANGUAGE_STANDARD = "gnu++0x";
				CLANG_CXX_LIBRARY = "libc++";
				CLANG_ENABLE_MODULES = YES;
				CLANG_ENABLE_OBJC_ARC = YES;
				CLANG_WARN_BOOL_CONVERSION = YES;
				CLANG_WARN_CONSTANT_CONVERSION = YES;
				CLANG_WARN_DIRECT_OBJC_ISA_USAGE = YES_ERROR;
				CLANG_WARN_EMPTY_BODY = YES;
				CLANG_WARN_ENUM_CONVERSION = YES;
				CLANG_WARN_INT_CONVERSION = YES;
				CLANG_WARN_OBJC_ROOT_CLASS = YES_ERROR;
				CLANG_WARN__DUPLICATE_METHOD_MATCH = YES;
				"CODE_SIGN_IDENTITY[sdk=iphoneos*]" = "iPhone Developer";
				COPY_PHASE_STRIP = NO;
				GCC_C_LANGUAGE_STANDARD = gnu99;
				GCC_DYNAMIC_NO_PIC = NO;
				GCC_OPTIMIZATION_LEVEL = 0;
				GCC_PREPROCESSOR_DEFINITIONS = (
					"DEBUG=1",
					"$(inherited)",
				);
				GCC_SYMBOLS_PRIVATE_EXTERN = NO;
				GCC_WARN_64_TO_32_BIT_CONVERSION = YES;
				GCC_WARN_ABOUT_RETURN_TYPE = YES_ERROR;
				GCC_WARN_UNDECLARED_SELECTOR = YES;
				GCC_WARN_UNINITIALIZED_AUTOS = YES_AGGRESSIVE;
				GCC_WARN_UNUSED_FUNCTION = YES;
				GCC_WARN_UNUSED_VARIABLE = YES;
				IPHONEOS_DEPLOYMENT_TARGET = 7.1;
				ONLY_ACTIVE_ARCH = YES;
				SDKROOT = iphoneos;
				TARGETED_DEVICE_FAMILY = "1,2";
			};
			name = Debug;
		};
		FBCAB42B199CF5DE000D6DA5 /* Release */ = {
			isa = XCBuildConfiguration;
			buildSettings = {
				ALWAYS_SEARCH_USER_PATHS = NO;
				CLANG_CXX_LANGUAGE_STANDARD = "gnu++0x";
				CLANG_CXX_LIBRARY = "libc++";
				CLANG_ENABLE_MODULES = YES;
				CLANG_ENABLE_OBJC_ARC = YES;
				CLANG_WARN_BOOL_CONVERSION = YES;
				CLANG_WARN_CONSTANT_CONVERSION = YES;
				CLANG_WARN_DIRECT_OBJC_ISA_USAGE = YES_ERROR;
				CLANG_WARN_EMPTY_BODY = YES;
				CLANG_WARN_ENUM_CONVERSION = YES;
				CLANG_WARN_INT_CONVERSION = YES;
				CLANG_WARN_OBJC_ROOT_CLASS = YES_ERROR;
				CLANG_WARN__DUPLICATE_METHOD_MATCH = YES;
				"CODE_SIGN_IDENTITY[sdk=iphoneos*]" = "iPhone Developer";
				COPY_PHASE_STRIP = YES;
				ENABLE_NS_ASSERTIONS = NO;
				GCC_C_LANGUAGE_STANDARD = gnu99;
				GCC_WARN_64_TO_32_BIT_CONVERSION = YES;
				GCC_WARN_ABOUT_RETURN_TYPE = YES_ERROR;
				GCC_WARN_UNDECLARED_SELECTOR = YES;
				GCC_WARN_UNINITIALIZED_AUTOS = YES_AGGRESSIVE;
				GCC_WARN_UNUSED_FUNCTION = YES;
				GCC_WARN_UNUSED_VARIABLE = YES;
				IPHONEOS_DEPLOYMENT_TARGET = 7.1;
				SDKROOT = iphoneos;
				TARGETED_DEVICE_FAMILY = "1,2";
				VALIDATE_PRODUCT = YES;
			};
			name = Release;
		};
		FBCAB42D199CF5DE000D6DA5 /* Debug */ = {
			isa = XCBuildConfiguration;
			buildSettings = {
				ASSETCATALOG_COMPILER_APPICON_NAME = AppIcon;
				ASSETCATALOG_COMPILER_LAUNCHIMAGE_NAME = LaunchImage;
				CODE_SIGN_IDENTITY = "iPhone Developer";
				"CODE_SIGN_IDENTITY[sdk=iphoneos*]" = "iPhone Developer";
				GCC_PRECOMPILE_PREFIX_HEADER = YES;
				GCC_PREFIX_HEADER = "StrataApplication/StrataApplication-Prefix.pch";
				INFOPLIST_FILE = "StrataApplication/StrataApplication-Info.plist";
				PRODUCT_NAME = "$(TARGET_NAME)";
				PROVISIONING_PROFILE = "";
				WRAPPER_EXTENSION = app;
			};
			name = Debug;
		};
		FBCAB42E199CF5DE000D6DA5 /* Release */ = {
			isa = XCBuildConfiguration;
			buildSettings = {
				ASSETCATALOG_COMPILER_APPICON_NAME = AppIcon;
				ASSETCATALOG_COMPILER_LAUNCHIMAGE_NAME = LaunchImage;
				CODE_SIGN_IDENTITY = "iPhone Developer";
				"CODE_SIGN_IDENTITY[sdk=iphoneos*]" = "iPhone Developer";
				GCC_PRECOMPILE_PREFIX_HEADER = YES;
				GCC_PREFIX_HEADER = "StrataApplication/StrataApplication-Prefix.pch";
				INFOPLIST_FILE = "StrataApplication/StrataApplication-Info.plist";
				PRODUCT_NAME = "$(TARGET_NAME)";
				PROVISIONING_PROFILE = "";
				WRAPPER_EXTENSION = app;
			};
			name = Release;
		};
		FBCAB430199CF5DE000D6DA5 /* Debug */ = {
			isa = XCBuildConfiguration;
			buildSettings = {
				BUNDLE_LOADER = "$(BUILT_PRODUCTS_DIR)/StrataApplication.app/StrataApplication";
				FRAMEWORK_SEARCH_PATHS = (
					"$(SDKROOT)/Developer/Library/Frameworks",
					"$(inherited)",
					"$(DEVELOPER_FRAMEWORKS_DIR)",
				);
				GCC_PRECOMPILE_PREFIX_HEADER = YES;
				GCC_PREFIX_HEADER = "StrataApplication/StrataApplication-Prefix.pch";
				GCC_PREPROCESSOR_DEFINITIONS = (
					"DEBUG=1",
					"$(inherited)",
				);
				INFOPLIST_FILE = "StrataApplicationTests/StrataApplicationTests-Info.plist";
				PRODUCT_NAME = "$(TARGET_NAME)";
				TEST_HOST = "$(BUNDLE_LOADER)";
				WRAPPER_EXTENSION = xctest;
			};
			name = Debug;
		};
		FBCAB431199CF5DE000D6DA5 /* Release */ = {
			isa = XCBuildConfiguration;
			buildSettings = {
				BUNDLE_LOADER = "$(BUILT_PRODUCTS_DIR)/StrataApplication.app/StrataApplication";
				FRAMEWORK_SEARCH_PATHS = (
					"$(SDKROOT)/Developer/Library/Frameworks",
					"$(inherited)",
					"$(DEVELOPER_FRAMEWORKS_DIR)",
				);
				GCC_PRECOMPILE_PREFIX_HEADER = YES;
				GCC_PREFIX_HEADER = "StrataApplication/StrataApplication-Prefix.pch";
				INFOPLIST_FILE = "StrataApplicationTests/StrataApplicationTests-Info.plist";
				PRODUCT_NAME = "$(TARGET_NAME)";
				TEST_HOST = "$(BUNDLE_LOADER)";
				WRAPPER_EXTENSION = xctest;
			};
			name = Release;
		};
/* End XCBuildConfiguration section */

/* Begin XCConfigurationList section */
		FBCAB3FB199CF5DE000D6DA5 /* Build configuration list for PBXProject "StrataApplication" */ = {
			isa = XCConfigurationList;
			buildConfigurations = (
				FBCAB42A199CF5DE000D6DA5 /* Debug */,
				FBCAB42B199CF5DE000D6DA5 /* Release */,
			);
			defaultConfigurationIsVisible = 0;
			defaultConfigurationName = Release;
		};
		FBCAB42C199CF5DE000D6DA5 /* Build configuration list for PBXNativeTarget "StrataApplication" */ = {
			isa = XCConfigurationList;
			buildConfigurations = (
				FBCAB42D199CF5DE000D6DA5 /* Debug */,
				FBCAB42E199CF5DE000D6DA5 /* Release */,
			);
			defaultConfigurationIsVisible = 0;
			defaultConfigurationName = Release;
		};
		FBCAB42F199CF5DE000D6DA5 /* Build configuration list for PBXNativeTarget "StrataApplicationTests" */ = {
			isa = XCConfigurationList;
			buildConfigurations = (
				FBCAB430199CF5DE000D6DA5 /* Debug */,
				FBCAB431199CF5DE000D6DA5 /* Release */,
			);
			defaultConfigurationIsVisible = 0;
			defaultConfigurationName = Release;
		};
/* End XCConfigurationList section */
	};
	rootObject = FBCAB3F8199CF5DE000D6DA5 /* Project object */;
}
